
Microsoft Visual Studio Solution File, Format Version 12.00
# Visual Studio Version 16
VisualStudioVersion = 16.0.30611.23
MinimumVisualStudioVersion = 10.0.40219.1
Project("{FAE04EC0-301F-11D3-BF4B-00C04F79EFBC}") = "RazorPages EventMaker", "RazorPages EventMaker\RazorPages EventMaker.csproj", "{6564F192-DC35-46E4-BF50-D98A5B81507A}"
EndProject
Global
	GlobalSection(SolutionConfigurationPlatforms) = preSolution
		Debug|Any CPU = Debug|Any CPU
		Release|Any CPU = Release|Any CPU
	EndGlobalSection
	GlobalSection(ProjectConfigurationPlatforms) = postSolution
		{6564F192-DC35-46E4-BF50-D98A5B81507A}.Debug|Any CPU.ActiveCfg = Debug|Any CPU
		{6564F192-DC35-46E4-BF50-D98A5B81507A}.Debug|Any CPU.Build.0 = Debug|Any CPU
		{6564F192-DC35-46E4-BF50-D98A5B81507A}.Release|Any CPU.ActiveCfg = Release|Any CPU
		{6564F192-DC35-46E4-BF50-D98A5B81507A}.Release|Any CPU.Build.0 = Release|Any CPU
	EndGlobalSection
	GlobalSection(SolutionProperties) = preSolution
		HideSolutionNode = FALSE
	EndGlobalSection
	GlobalSection(ExtensibilityGlobals) = postSolution
		SolutionGuid = {A12E8438-8B8F-4941-8031-36FE8AC9AFA2}
	EndGlobalSection
EndGlobal
